// !$*UTF8*$!
{
	archiveVersion = 1;
	classes = {
	};
	objectVersion = 46;
	objects = {

/* Begin PBXBuildFile section */
		EA2F343B1FCA3C02000C5338 /* Character.cpp in Sources */ = {isa = PBXBuildFile; fileRef = EA2F34391FCA3C02000C5338 /* Character.cpp */; };
		EA2F343E1FCA4999000C5338 /* Item.cpp in Sources */ = {isa = PBXBuildFile; fileRef = EA2F343C1FCA4999000C5338 /* Item.cpp */; };
		EA2F34411FCA4DBE000C5338 /* Cleric.cpp in Sources */ = {isa = PBXBuildFile; fileRef = EA2F343F1FCA4DBE000C5338 /* Cleric.cpp */; };
		EA2F34441FCA4F6D000C5338 /* Knight.cpp in Sources */ = {isa = PBXBuildFile; fileRef = EA2F34421FCA4F6D000C5338 /* Knight.cpp */; };
		EA2F34471FCA500D000C5338 /* Wizard.cpp in Sources */ = {isa = PBXBuildFile; fileRef = EA2F34451FCA500D000C5338 /* Wizard.cpp */; };
		EA2F344A1FCA540F000C5338 /* Weapon.cpp in Sources */ = {isa = PBXBuildFile; fileRef = EA2F34481FCA540F000C5338 /* Weapon.cpp */; };
		EA2F344E1FCB8472000C5338 /* Enemy.cpp in Sources */ = {isa = PBXBuildFile; fileRef = EA2F344C1FCB8472000C5338 /* Enemy.cpp */; };
		EA39EE601E07D310001CD214 /* main.cpp in Sources */ = {isa = PBXBuildFile; fileRef = EA39EE5F1E07D310001CD214 /* main.cpp */; };
		EAB7BA0B200FFFD5004745EE /* Consumable.cpp in Sources */ = {isa = PBXBuildFile; fileRef = EAB7BA09200FFFD5004745EE /* Consumable.cpp */; };
		EAB7BA0E2010052C004745EE /* Potion.cpp in Sources */ = {isa = PBXBuildFile; fileRef = EAB7BA0C2010052C004745EE /* Potion.cpp */; };
/* End PBXBuildFile section */

/* Begin PBXCopyFilesBuildPhase section */
		EA39EE5A1E07D310001CD214 /* CopyFiles */ = {
			isa = PBXCopyFilesBuildPhase;
			buildActionMask = 2147483647;
			dstPath = /usr/share/man/man1/;
			dstSubfolderSpec = 0;
			files = (
			);
			runOnlyForDeploymentPostprocessing = 1;
		};
/* End PBXCopyFilesBuildPhase section */

/* Begin PBXFileReference section */
		EA2F34391FCA3C02000C5338 /* Character.cpp */ = {isa = PBXFileReference; lastKnownFileType = sourcecode.cpp.cpp; path = Character.cpp; sourceTree = "<group>"; };
		EA2F343A1FCA3C02000C5338 /* Character.hpp */ = {isa = PBXFileReference; lastKnownFileType = sourcecode.cpp.h; path = Character.hpp; sourceTree = "<group>"; };
		EA2F343C1FCA4999000C5338 /* Item.cpp */ = {isa = PBXFileReference; lastKnownFileType = sourcecode.cpp.cpp; path = Item.cpp; sourceTree = "<group>"; };
		EA2F343D1FCA4999000C5338 /* Item.hpp */ = {isa = PBXFileReference; lastKnownFileType = sourcecode.cpp.h; path = Item.hpp; sourceTree = "<group>"; };
		EA2F343F1FCA4DBE000C5338 /* Cleric.cpp */ = {isa = PBXFileReference; lastKnownFileType = sourcecode.cpp.cpp; path = Cleric.cpp; sourceTree = "<group>"; };
		EA2F34401FCA4DBE000C5338 /* Cleric.hpp */ = {isa = PBXFileReference; lastKnownFileType = sourcecode.cpp.h; path = Cleric.hpp; sourceTree = "<group>"; };
		EA2F34421FCA4F6D000C5338 /* Knight.cpp */ = {isa = PBXFileReference; lastKnownFileType = sourcecode.cpp.cpp; path = Knight.cpp; sourceTree = "<group>"; };
		EA2F34431FCA4F6D000C5338 /* Knight.hpp */ = {isa = PBXFileReference; lastKnownFileType = sourcecode.cpp.h; path = Knight.hpp; sourceTree = "<group>"; };
		EA2F34451FCA500D000C5338 /* Wizard.cpp */ = {isa = PBXFileReference; lastKnownFileType = sourcecode.cpp.cpp; path = Wizard.cpp; sourceTree = "<group>"; };
		EA2F34461FCA500D000C5338 /* Wizard.hpp */ = {isa = PBXFileReference; lastKnownFileType = sourcecode.cpp.h; path = Wizard.hpp; sourceTree = "<group>"; };
		EA2F34481FCA540F000C5338 /* Weapon.cpp */ = {isa = PBXFileReference; lastKnownFileType = sourcecode.cpp.cpp; path = Weapon.cpp; sourceTree = "<group>"; };
		EA2F34491FCA540F000C5338 /* Weapon.hpp */ = {isa = PBXFileReference; lastKnownFileType = sourcecode.cpp.h; path = Weapon.hpp; sourceTree = "<group>"; };
		EA2F344B1FCA5627000C5338 /* Common.hpp */ = {isa = PBXFileReference; lastKnownFileType = sourcecode.cpp.h; path = Common.hpp; sourceTree = "<group>"; };
		EA2F344C1FCB8472000C5338 /* Enemy.cpp */ = {isa = PBXFileReference; lastKnownFileType = sourcecode.cpp.cpp; path = Enemy.cpp; sourceTree = "<group>"; };
		EA2F344D1FCB8472000C5338 /* Enemy.hpp */ = {isa = PBXFileReference; lastKnownFileType = sourcecode.cpp.h; path = Enemy.hpp; sourceTree = "<group>"; };
		EA39EE5C1E07D310001CD214 /* C++_Practice */ = {isa = PBXFileReference; explicitFileType = "compiled.mach-o.executable"; includeInIndex = 0; path = "C++_Practice"; sourceTree = BUILT_PRODUCTS_DIR; };
		EA39EE5F1E07D310001CD214 /* main.cpp */ = {isa = PBXFileReference; lastKnownFileType = sourcecode.cpp.cpp; path = main.cpp; sourceTree = "<group>"; };
		EAB7BA09200FFFD5004745EE /* Consumable.cpp */ = {isa = PBXFileReference; lastKnownFileType = sourcecode.cpp.cpp; path = Consumable.cpp; sourceTree = "<group>"; };
		EAB7BA0A200FFFD5004745EE /* Consumable.hpp */ = {isa = PBXFileReference; lastKnownFileType = sourcecode.cpp.h; path = Consumable.hpp; sourceTree = "<group>"; };
		EAB7BA0C2010052C004745EE /* Potion.cpp */ = {isa = PBXFileReference; lastKnownFileType = sourcecode.cpp.cpp; path = Potion.cpp; sourceTree = "<group>"; };
		EAB7BA0D2010052C004745EE /* Potion.hpp */ = {isa = PBXFileReference; lastKnownFileType = sourcecode.cpp.h; path = Potion.hpp; sourceTree = "<group>"; };
/* End PBXFileReference section */

/* Begin PBXFrameworksBuildPhase section */
		EA39EE591E07D310001CD214 /* Frameworks */ = {
			isa = PBXFrameworksBuildPhase;
			buildActionMask = 2147483647;
			files = (
			);
			runOnlyForDeploymentPostprocessing = 0;
		};
/* End PBXFrameworksBuildPhase section */

/* Begin PBXGroup section */
		EA39EE531E07D310001CD214 = {
			isa = PBXGroup;
			children = (
				EA39EE5E1E07D310001CD214 /* C++_Practice */,
				EA39EE5D1E07D310001CD214 /* Products */,
			);
			sourceTree = "<group>";
		};
		EA39EE5D1E07D310001CD214 /* Products */ = {
			isa = PBXGroup;
			children = (
				EA39EE5C1E07D310001CD214 /* C++_Practice */,
			);
			name = Products;
			sourceTree = "<group>";
		};
		EA39EE5E1E07D310001CD214 /* C++_Practice */ = {
			isa = PBXGroup;
			children = (
				EA2F344B1FCA5627000C5338 /* Common.hpp */,
				EA39EE5F1E07D310001CD214 /* main.cpp */,
				EA2F343C1FCA4999000C5338 /* Item.cpp */,
				EA2F343D1FCA4999000C5338 /* Item.hpp */,
				EA2F34481FCA540F000C5338 /* Weapon.cpp */,
				EA2F34491FCA540F000C5338 /* Weapon.hpp */,
				EAB7BA09200FFFD5004745EE /* Consumable.cpp */,
				EAB7BA0A200FFFD5004745EE /* Consumable.hpp */,
				EAB7BA0C2010052C004745EE /* Potion.cpp */,
				EAB7BA0D2010052C004745EE /* Potion.hpp */,
				EA2F34391FCA3C02000C5338 /* Character.cpp */,
				EA2F343A1FCA3C02000C5338 /* Character.hpp */,
				EA2F344C1FCB8472000C5338 /* Enemy.cpp */,
				EA2F344D1FCB8472000C5338 /* Enemy.hpp */,
				EA2F34421FCA4F6D000C5338 /* Knight.cpp */,
				EA2F34431FCA4F6D000C5338 /* Knight.hpp */,
				EA2F343F1FCA4DBE000C5338 /* Cleric.cpp */,
				EA2F34401FCA4DBE000C5338 /* Cleric.hpp */,
				EA2F34451FCA500D000C5338 /* Wizard.cpp */,
				EA2F34461FCA500D000C5338 /* Wizard.hpp */,
			);
			path = "C++_Practice";
			sourceTree = "<group>";
		};
/* End PBXGroup section */

/* Begin PBXNativeTarget section */
		EA39EE5B1E07D310001CD214 /* C++_Practice */ = {
			isa = PBXNativeTarget;
			buildConfigurationList = EA39EE631E07D310001CD214 /* Build configuration list for PBXNativeTarget "C++_Practice" */;
			buildPhases = (
				EA39EE581E07D310001CD214 /* Sources */,
				EA39EE591E07D310001CD214 /* Frameworks */,
				EA39EE5A1E07D310001CD214 /* CopyFiles */,
			);
			buildRules = (
			);
			dependencies = (
			);
			name = "C++_Practice";
			productName = "C++ Practice";
			productReference = EA39EE5C1E07D310001CD214 /* C++_Practice */;
			productType = "com.apple.product-type.tool";
		};
/* End PBXNativeTarget section */

/* Begin PBXProject section */
		EA39EE541E07D310001CD214 /* Project object */ = {
			isa = PBXProject;
			attributes = {
				LastUpgradeCheck = 0910;
				ORGANIZATIONNAME = "Alex Frank";
				TargetAttributes = {
					EA39EE5B1E07D310001CD214 = {
						CreatedOnToolsVersion = 8.2;
						ProvisioningStyle = Automatic;
					};
				};
			};
			buildConfigurationList = EA39EE571E07D310001CD214 /* Build configuration list for PBXProject "C++_Practice" */;
			compatibilityVersion = "Xcode 3.2";
			developmentRegion = English;
			hasScannedForEncodings = 0;
			knownRegions = (
				en,
			);
			mainGroup = EA39EE531E07D310001CD214;
			productRefGroup = EA39EE5D1E07D310001CD214 /* Products */;
			projectDirPath = "";
			projectRoot = "";
			targets = (
				EA39EE5B1E07D310001CD214 /* C++_Practice */,
			);
		};
/* End PBXProject section */

/* Begin PBXSourcesBuildPhase section */
		EA39EE581E07D310001CD214 /* Sources */ = {
			isa = PBXSourcesBuildPhase;
			buildActionMask = 2147483647;
			files = (
				EA2F344E1FCB8472000C5338 /* Enemy.cpp in Sources */,
				EA2F343E1FCA4999000C5338 /* Item.cpp in Sources */,
				EA2F34411FCA4DBE000C5338 /* Cleric.cpp in Sources */,
				EA2F34441FCA4F6D000C5338 /* Knight.cpp in Sources */,
				EAB7BA0E2010052C004745EE /* Potion.cpp in Sources */,
				EA39EE601E07D310001CD214 /* main.cpp in Sources */,
				EA2F34471FCA500D000C5338 /* Wizard.cpp in Sources */,
				EAB7BA0B200FFFD5004745EE /* Consumable.cpp in Sources */,
				EA2F344A1FCA540F000C5338 /* Weapon.cpp in Sources */,
				EA2F343B1FCA3C02000C5338 /* Character.cpp in Sources */,
			);
			runOnlyForDeploymentPostprocessing = 0;
		};
/* End PBXSourcesBuildPhase section */

/* Begin XCBuildConfiguration section */
		EA39EE611E07D310001CD214 /* Debug */ = {
			isa = XCBuildConfiguration;
			buildSettings = {
				ALWAYS_SEARCH_USER_PATHS = NO;
				CLANG_ANALYZER_NONNULL = YES;
				CLANG_CXX_LANGUAGE_STANDARD = "gnu++0x";
				CLANG_CXX_LIBRARY = "libc++";
				CLANG_ENABLE_MODULES = YES;
				CLANG_ENABLE_OBJC_ARC = YES;
				CLANG_WARN_BLOCK_CAPTURE_AUTORELEASING = YES;
				CLANG_WARN_BOOL_CONVERSION = YES;
				CLANG_WARN_COMMA = YES;
				CLANG_WARN_CONSTANT_CONVERSION = YES;
				CLANG_WARN_DIRECT_OBJC_ISA_USAGE = YES_ERROR;
				CLANG_WARN_DOCUMENTATION_COMMENTS = YES;
				CLANG_WARN_EMPTY_BODY = YES;
				CLANG_WARN_ENUM_CONVERSION = YES;
				CLANG_WARN_INFINITE_RECURSION = YES;
				CLANG_WARN_INT_CONVERSION = YES;
				CLANG_WARN_NON_LITERAL_NULL_CONVERSION = YES;
				CLANG_WARN_OBJC_LITERAL_CONVERSION = YES;
				CLANG_WARN_OBJC_ROOT_CLASS = YES_ERROR;
				CLANG_WARN_RANGE_LOOP_ANALYSIS = YES;
				CLANG_WARN_STRICT_PROTOTYPES = YES;
				CLANG_WARN_SUSPICIOUS_MOVE = YES;
				CLANG_WARN_UNREACHABLE_CODE = YES;
				CLANG_WARN__DUPLICATE_METHOD_MATCH = YES;
				CODE_SIGN_IDENTITY = "-";
				COPY_PHASE_STRIP = NO;
				DEBUG_INFORMATION_FORMAT = dwarf;
				ENABLE_STRICT_OBJC_MSGSEND = YES;
				ENABLE_TESTABILITY = YES;
				GCC_C_LANGUAGE_STANDARD = gnu99;
				GCC_DYNAMIC_NO_PIC = NO;
				GCC_NO_COMMON_BLOCKS = YES;
				GCC_OPTIMIZATION_LEVEL = 0;
				GCC_PREPROCESSOR_DEFINITIONS = (
					"DEBUG=1",
					"$(inherited)",
				);
				GCC_WARN_64_TO_32_BIT_CONVERSION = YES;
				GCC_WARN_ABOUT_RETURN_TYPE = YES_ERROR;
				GCC_WARN_UNDECLARED_SELECTOR = YES;
				GCC_WARN_UNINITIALIZED_AUTOS = YES_AGGRESSIVE;
				GCC_WARN_UNUSED_FUNCTION = YES;
				GCC_WARN_UNUSED_VARIABLE = YES;
				MACOSX_DEPLOYMENT_TARGET = 10.12;
				MTL_ENABLE_DEBUG_INFO = YES;
				ONLY_ACTIVE_ARCH = YES;
				SDKROOT = macosx;
			};
			name = Debug;
		};
		EA39EE621E07D310001CD214 /* Release */ = {
			isa = XCBuildConfiguration;
			buildSettings = {
				ALWAYS_SEARCH_USER_PATHS = NO;
				CLANG_ANALYZER_NONNULL = YES;
				CLANG_CXX_LANGUAGE_STANDARD = "gnu++0x";
				CLANG_CXX_LIBRARY = "libc++";
				CLANG_ENABLE_MODULES = YES;
				CLANG_ENABLE_OBJC_ARC = YES;
				CLANG_WARN_BLOCK_CAPTURE_AUTORELEASING = YES;
				CLANG_WARN_BOOL_CONVERSION = YES;
				CLANG_WARN_COMMA = YES;
				CLANG_WARN_CONSTANT_CONVERSION = YES;
				CLANG_WARN_DIRECT_OBJC_ISA_USAGE = YES_ERROR;
				CLANG_WARN_DOCUMENTATION_COMMENTS = YES;
				CLANG_WARN_EMPTY_BODY = YES;
				CLANG_WARN_ENUM_CONVERSION = YES;
				CLANG_WARN_INFINITE_RECURSION = YES;
				CLANG_WARN_INT_CONVERSION = YES;
				CLANG_WARN_NON_LITERAL_NULL_CONVERSION = YES;
				CLANG_WARN_OBJC_LITERAL_CONVERSION = YES;
				CLANG_WARN_OBJC_ROOT_CLASS = YES_ERROR;
				CLANG_WARN_RANGE_LOOP_ANALYSIS = YES;
				CLANG_WARN_STRICT_PROTOTYPES = YES;
				CLANG_WARN_SUSPICIOUS_MOVE = YES;
				CLANG_WARN_UNREACHABLE_CODE = YES;
				CLANG_WARN__DUPLICATE_METHOD_MATCH = YES;
				CODE_SIGN_IDENTITY = "-";
				COPY_PHASE_STRIP = NO;
				DEBUG_INFORMATION_FORMAT = "dwarf-with-dsym";
				ENABLE_NS_ASSERTIONS = NO;
				ENABLE_STRICT_OBJC_MSGSEND = YES;
				GCC_C_LANGUAGE_STANDARD = gnu99;
				GCC_NO_COMMON_BLOCKS = YES;
				GCC_WARN_64_TO_32_BIT_CONVERSION = YES;
				GCC_WARN_ABOUT_RETURN_TYPE = YES_ERROR;
				GCC_WARN_UNDECLARED_SELECTOR = YES;
				GCC_WARN_UNINITIALIZED_AUTOS = YES_AGGRESSIVE;
				GCC_WARN_UNUSED_FUNCTION = YES;
				GCC_WARN_UNUSED_VARIABLE = YES;
				MACOSX_DEPLOYMENT_TARGET = 10.12;
				MTL_ENABLE_DEBUG_INFO = NO;
				SDKROOT = macosx;
			};
			name = Release;
		};
		EA39EE641E07D310001CD214 /* Debug */ = {
			isa = XCBuildConfiguration;
			buildSettings = {
				PRODUCT_NAME = "$(TARGET_NAME)";
			};
			name = Debug;
		};
		EA39EE651E07D310001CD214 /* Release */ = {
			isa = XCBuildConfiguration;
			buildSettings = {
				PRODUCT_NAME = "$(TARGET_NAME)";
			};
			name = Release;
		};
/* End XCBuildConfiguration section */

/* Begin XCConfigurationList section */
		EA39EE571E07D310001CD214 /* Build configuration list for PBXProject "C++_Practice" */ = {
			isa = XCConfigurationList;
			buildConfigurations = (
				EA39EE611E07D310001CD214 /* Debug */,
				EA39EE621E07D310001CD214 /* Release */,
			);
			defaultConfigurationIsVisible = 0;
			defaultConfigurationName = Release;
		};
		EA39EE631E07D310001CD214 /* Build configuration list for PBXNativeTarget "C++_Practice" */ = {
			isa = XCConfigurationList;
			buildConfigurations = (
				EA39EE641E07D310001CD214 /* Debug */,
				EA39EE651E07D310001CD214 /* Release */,
			);
			defaultConfigurationIsVisible = 0;
			defaultConfigurationName = Release;
		};
/* End XCConfigurationList section */
	};
	rootObject = EA39EE541E07D310001CD214 /* Project object */;
}
